
Microsoft Visual Studio Solution File, Format Version 12.00
# Visual Studio Version 16
VisualStudioVersion = 16.0.31515.178
MinimumVisualStudioVersion = 10.0.40219.1
Project("{FAE04EC0-301F-11D3-BF4B-00C04F79EFBC}") = "PromediosAlumnos", "PromediosAlumnos\PromediosAlumnos.csproj", "{EAD42C90-3175-4B37-BEC8-B9F8FA3A8AB1}"
EndProject
Global
	GlobalSection(SolutionConfigurationPlatforms) = preSolution
		Debug|Any CPU = Debug|Any CPU
		Release|Any CPU = Release|Any CPU
	EndGlobalSection
	GlobalSection(ProjectConfigurationPlatforms) = postSolution
		{EAD42C90-3175-4B37-BEC8-B9F8FA3A8AB1}.Debug|Any CPU.ActiveCfg = Debug|Any CPU
		{EAD42C90-3175-4B37-BEC8-B9F8FA3A8AB1}.Debug|Any CPU.Build.0 = Debug|Any CPU
		{EAD42C90-3175-4B37-BEC8-B9F8FA3A8AB1}.Release|Any CPU.ActiveCfg = Release|Any CPU
		{EAD42C90-3175-4B37-BEC8-B9F8FA3A8AB1}.Release|Any CPU.Build.0 = Release|Any CPU
	EndGlobalSection
	GlobalSection(SolutionProperties) = preSolution
		HideSolutionNode = FALSE
	EndGlobalSection
	GlobalSection(ExtensibilityGlobals) = postSolution
		SolutionGuid = {CA6A6329-C3E1-4ACD-A915-56F100CF516B}
	EndGlobalSection
EndGlobal
